PODS:
  - ACPDownload (1.1.0)
  - AddButton (0.1.0)
  - BufferSlider (0.1.4)
  - Cache (1.0.0)
  - LNPopupController (0.0.4)
  - MarqueeLabel (2.7.1):
    - MarqueeLabel/ObjC (= 2.7.1)
  - MarqueeLabel/ObjC (2.7.1)
  - NAKPlaybackIndicatorView (0.0.3)
  - VK-ios-sdk (1.3.16)

DEPENDENCIES:
  - ACPDownload (~> 1.1.0)
  - AddButton (~> 0.1.0)
  - BufferSlider (~> 0.1.4)
  - Cache (~> 1.0.0)
  - LNPopupController (~> 0.0.4)
  - MarqueeLabel (~> 2.7.1)
  - NAKPlaybackIndicatorView (~> 0.0.3)
  - VK-ios-sdk (~> 1.3.16)

SPEC CHECKSUMS:
  ACPDownload: 9c6349be96019b6c8c87ad46570af1cbc7106bf4
  AddButton: 2f3e82564f359d4e2ad7cdf0f9c862694017f6e5
  BufferSlider: 3cf92be2637b983986c6fbdc8a7b6c395bec39c7
  Cache: 78f58bc008313c7a1182967a2ebcb3de9fddecd4
  LNPopupController: 31c84b06e6b6eb71842037dd6a3a4ac325265f35
  MarqueeLabel: d5796f199ae732d8670f1a6f9af6aec0da0cceb2
  NAKPlaybackIndicatorView: 794dd97576fe074bb1844c19ebcbf7509384a47f
  VK-ios-sdk: 7804776d9947cf9b6f54a259fac589b9212156f1

COCOAPODS: 0.39.0
