PODS:
  - ACPDownload (1.1.0)
  - AddButton (0.1.0)
  - FreeStreamer (3.5.5):
    - Reachability (~> 3.0)
  - LNPopupController (0.0.4)
  - NAKPlaybackIndicatorView (0.0.3)
  - Reachability (3.2)
  - VK-ios-sdk (1.3.16)

DEPENDENCIES:
  - ACPDownload
  - AddButton
  - FreeStreamer
  - LNPopupController (~> 0.0)
  - NAKPlaybackIndicatorView
  - VK-ios-sdk (~> 1.3.16)

SPEC CHECKSUMS:
  ACPDownload: 9c6349be96019b6c8c87ad46570af1cbc7106bf4
  AddButton: 2f3e82564f359d4e2ad7cdf0f9c862694017f6e5
  FreeStreamer: c1ffd513b7445cfee20c0e87f9881c99a644a863
  LNPopupController: 31c84b06e6b6eb71842037dd6a3a4ac325265f35
  NAKPlaybackIndicatorView: 794dd97576fe074bb1844c19ebcbf7509384a47f
  Reachability: 33e18b67625424e47b6cde6d202dce689ad7af96
  VK-ios-sdk: 7804776d9947cf9b6f54a259fac589b9212156f1

COCOAPODS: 0.39.0
