// !$*UTF8*$!
{
	archiveVersion = 1;
	classes = {
	};
	objectVersion = 46;
	objects = {

/* Begin PBXBuildFile section */
		111DE6641CF9F481006CBCDB /* AudioPlayerViewController.swift in Sources */ = {isa = PBXBuildFile; fileRef = 111DE6631CF9F481006CBCDB /* AudioPlayerViewController.swift */; };
		111DE6671CFA47B3006CBCDB /* AudioCell.swift in Sources */ = {isa = PBXBuildFile; fileRef = 111DE6661CFA47B3006CBCDB /* AudioCell.swift */; };
		11294E291CF3C7FF00E8EEA2 /* AppDelegate.swift in Sources */ = {isa = PBXBuildFile; fileRef = 11294E281CF3C7FF00E8EEA2 /* AppDelegate.swift */; };
		11294E2B1CF3C7FF00E8EEA2 /* TableViewController.swift in Sources */ = {isa = PBXBuildFile; fileRef = 11294E2A1CF3C7FF00E8EEA2 /* TableViewController.swift */; };
		11294E311CF3C7FF00E8EEA2 /* VKAudioPlayer.xcdatamodeld in Sources */ = {isa = PBXBuildFile; fileRef = 11294E2F1CF3C7FF00E8EEA2 /* VKAudioPlayer.xcdatamodeld */; };
		11294E331CF3C7FF00E8EEA2 /* Assets.xcassets in Resources */ = {isa = PBXBuildFile; fileRef = 11294E321CF3C7FF00E8EEA2 /* Assets.xcassets */; };
		11294E3E1CF3C94200E8EEA2 /* Utils.swift in Sources */ = {isa = PBXBuildFile; fileRef = 11294E3D1CF3C94200E8EEA2 /* Utils.swift */; };
		11294E401CF3C96700E8EEA2 /* Main.storyboard in Resources */ = {isa = PBXBuildFile; fileRef = 11294E3F1CF3C96700E8EEA2 /* Main.storyboard */; };
		11294E421CF3C97A00E8EEA2 /* LaunchScreen.storyboard in Resources */ = {isa = PBXBuildFile; fileRef = 11294E411CF3C97A00E8EEA2 /* LaunchScreen.storyboard */; };
		112F3A0E1D3E49C100E7648B /* AudioControlelr.swift in Sources */ = {isa = PBXBuildFile; fileRef = 112F3A0D1D3E49C100E7648B /* AudioControlelr.swift */; };
		112F3A101D3E49F300E7648B /* AudioContext.swift in Sources */ = {isa = PBXBuildFile; fileRef = 112F3A0F1D3E49F300E7648B /* AudioContext.swift */; };
		112F3A131D3E93DB00E7648B /* Notifications.swift in Sources */ = {isa = PBXBuildFile; fileRef = 112F3A121D3E93DB00E7648B /* Notifications.swift */; };
		112F3A151D415A1500E7648B /* ACPCustomStaticImages.swift in Sources */ = {isa = PBXBuildFile; fileRef = 112F3A141D415A1500E7648B /* ACPCustomStaticImages.swift */; };
		115D1FF31D53693E00FBF6E1 /* MultiToggleButton.swift in Sources */ = {isa = PBXBuildFile; fileRef = 115D1FF21D53693E00FBF6E1 /* MultiToggleButton.swift */; };
		1160D3C31D3966330044DF02 /* AudioCachingPlayerItem.swift in Sources */ = {isa = PBXBuildFile; fileRef = 1160D3C21D3966330044DF02 /* AudioCachingPlayerItem.swift */; };
		1160EF0D1CF65331007DB453 /* AudioRequestDescription.swift in Sources */ = {isa = PBXBuildFile; fileRef = 1160EF0C1CF65331007DB453 /* AudioRequestDescription.swift */; };
		1160EF0F1CF65480007DB453 /* UserAudioRequestDescription.swift in Sources */ = {isa = PBXBuildFile; fileRef = 1160EF0E1CF65480007DB453 /* UserAudioRequestDescription.swift */; };
		1160EF111CF65493007DB453 /* SearchAudioRequestDescription.swift in Sources */ = {isa = PBXBuildFile; fileRef = 1160EF101CF65493007DB453 /* SearchAudioRequestDescription.swift */; };
		1167622C1D39126700041BC1 /* CachingPlayerItem.swift in Sources */ = {isa = PBXBuildFile; fileRef = 1167622B1D39126700041BC1 /* CachingPlayerItem.swift */; };
		11AE1C6D1D1F1F21003C8797 /* TableViewController+VKDelegate.swift in Sources */ = {isa = PBXBuildFile; fileRef = 11AE1C6C1D1F1F21003C8797 /* TableViewController+VKDelegate.swift */; };
		11AEDAA81CFA59E700E2BBDC /* TableViewControler+Messages.swift in Sources */ = {isa = PBXBuildFile; fileRef = 11AEDAA71CFA59E700E2BBDC /* TableViewControler+Messages.swift */; };
		11B4D2E91D4B0E8700401E7E /* AudioPlayerViewControlelr+NotificationHandling.swift in Sources */ = {isa = PBXBuildFile; fileRef = 11B4D2E81D4B0E8700401E7E /* AudioPlayerViewControlelr+NotificationHandling.swift */; };
		11B4D2EB1D4B115A00401E7E /* AudioPlayerViewController+ButtonsTapHandling.swift in Sources */ = {isa = PBXBuildFile; fileRef = 11B4D2EA1D4B115A00401E7E /* AudioPlayerViewController+ButtonsTapHandling.swift */; };
		11BAEBED1D3CF2F500F45A7D /* Storage.swift in Sources */ = {isa = PBXBuildFile; fileRef = 11BAEBEC1D3CF2F500F45A7D /* Storage.swift */; };
		11C8920D1D3E20C100FF5524 /* CacheController.swift in Sources */ = {isa = PBXBuildFile; fileRef = 11C8920C1D3E20C100FF5524 /* CacheController.swift */; };
		11C8920F1D3E239E00FF5524 /* Queue.swift in Sources */ = {isa = PBXBuildFile; fileRef = 11C8920E1D3E239E00FF5524 /* Queue.swift */; };
		11CE34071D3DA7D60077071C /* TableViewController+AudioContextDelegate.swift in Sources */ = {isa = PBXBuildFile; fileRef = 11CE34061D3DA7D60077071C /* TableViewController+AudioContextDelegate.swift */; };
		11DD92C51CF49CAE00A8FC4A /* TableViewController+TableViewDelegate.swift in Sources */ = {isa = PBXBuildFile; fileRef = 11DD92C41CF49CAE00A8FC4A /* TableViewController+TableViewDelegate.swift */; };
		11DD92C71CF49D2A00A8FC4A /* TableViewController+SearchDelegate.swift in Sources */ = {isa = PBXBuildFile; fileRef = 11DD92C61CF49D2A00A8FC4A /* TableViewController+SearchDelegate.swift */; };
		11DD92CB1CF4A4EF00A8FC4A /* VKResponse+.swift in Sources */ = {isa = PBXBuildFile; fileRef = 11DD92CA1CF4A4EF00A8FC4A /* VKResponse+.swift */; };
		11DD92D11CF4A9FB00A8FC4A /* AudioItem.swift in Sources */ = {isa = PBXBuildFile; fileRef = 11DD92D01CF4A9FB00A8FC4A /* AudioItem.swift */; };
		11DD92D31CF4B58B00A8FC4A /* Constants.swift in Sources */ = {isa = PBXBuildFile; fileRef = 11DD92D21CF4B58B00A8FC4A /* Constants.swift */; };
		11DD92DD1CF4DC2B00A8FC4A /* VKAudioRequestExecutor.swift in Sources */ = {isa = PBXBuildFile; fileRef = 11DD92DC1CF4DC2B00A8FC4A /* VKAudioRequestExecutor.swift */; };
		11DD92E01CF4DCFC00A8FC4A /* VKRequest+.swift in Sources */ = {isa = PBXBuildFile; fileRef = 11DD92DF1CF4DCFC00A8FC4A /* VKRequest+.swift */; };
		11EF779E1D20626F00AEA610 /* Audio+CoreDataProperties.swift in Sources */ = {isa = PBXBuildFile; fileRef = 11EF779C1D20626F00AEA610 /* Audio+CoreDataProperties.swift */; };
		11EF779F1D20626F00AEA610 /* Audio.swift in Sources */ = {isa = PBXBuildFile; fileRef = 11EF779D1D20626F00AEA610 /* Audio.swift */; };
		11F3B8981D1984A8005E3452 /* TableViewController+AudioCellDelegate.swift in Sources */ = {isa = PBXBuildFile; fileRef = 11F3B8971D1984A8005E3452 /* TableViewController+AudioCellDelegate.swift */; };
		A63ABB63716FB4483771D047 /* Pods_VKAudioPlayer.framework in Frameworks */ = {isa = PBXBuildFile; fileRef = 26B8640E32B8892D3EAE8165 /* Pods_VKAudioPlayer.framework */; };
/* End PBXBuildFile section */

/* Begin PBXFileReference section */
		111DE6631CF9F481006CBCDB /* AudioPlayerViewController.swift */ = {isa = PBXFileReference; fileEncoding = 4; lastKnownFileType = sourcecode.swift; path = AudioPlayerViewController.swift; sourceTree = "<group>"; };
		111DE6661CFA47B3006CBCDB /* AudioCell.swift */ = {isa = PBXFileReference; fileEncoding = 4; lastKnownFileType = sourcecode.swift; path = AudioCell.swift; sourceTree = "<group>"; };
		11294E251CF3C7FF00E8EEA2 /* VKAudioPlayer.app */ = {isa = PBXFileReference; explicitFileType = wrapper.application; includeInIndex = 0; path = VKAudioPlayer.app; sourceTree = BUILT_PRODUCTS_DIR; };
		11294E281CF3C7FF00E8EEA2 /* AppDelegate.swift */ = {isa = PBXFileReference; lastKnownFileType = sourcecode.swift; lineEnding = 0; path = AppDelegate.swift; sourceTree = "<group>"; xcLanguageSpecificationIdentifier = xcode.lang.swift; };
		11294E2A1CF3C7FF00E8EEA2 /* TableViewController.swift */ = {isa = PBXFileReference; lastKnownFileType = sourcecode.swift; path = TableViewController.swift; sourceTree = "<group>"; };
		11294E301CF3C7FF00E8EEA2 /* VKAudioPlayer.xcdatamodel */ = {isa = PBXFileReference; lastKnownFileType = wrapper.xcdatamodel; path = VKAudioPlayer.xcdatamodel; sourceTree = "<group>"; };
		11294E321CF3C7FF00E8EEA2 /* Assets.xcassets */ = {isa = PBXFileReference; lastKnownFileType = folder.assetcatalog; path = Assets.xcassets; sourceTree = "<group>"; };
		11294E371CF3C7FF00E8EEA2 /* Info.plist */ = {isa = PBXFileReference; lastKnownFileType = text.plist.xml; path = Info.plist; sourceTree = "<group>"; };
		11294E3D1CF3C94200E8EEA2 /* Utils.swift */ = {isa = PBXFileReference; fileEncoding = 4; lastKnownFileType = sourcecode.swift; path = Utils.swift; sourceTree = "<group>"; };
		11294E3F1CF3C96700E8EEA2 /* Main.storyboard */ = {isa = PBXFileReference; fileEncoding = 4; lastKnownFileType = file.storyboard; path = Main.storyboard; sourceTree = "<group>"; };
		11294E411CF3C97A00E8EEA2 /* LaunchScreen.storyboard */ = {isa = PBXFileReference; fileEncoding = 4; lastKnownFileType = file.storyboard; path = LaunchScreen.storyboard; sourceTree = "<group>"; };
		112F3A0D1D3E49C100E7648B /* AudioControlelr.swift */ = {isa = PBXFileReference; fileEncoding = 4; lastKnownFileType = sourcecode.swift; path = AudioControlelr.swift; sourceTree = "<group>"; };
		112F3A0F1D3E49F300E7648B /* AudioContext.swift */ = {isa = PBXFileReference; fileEncoding = 4; lastKnownFileType = sourcecode.swift; lineEnding = 0; path = AudioContext.swift; sourceTree = "<group>"; xcLanguageSpecificationIdentifier = xcode.lang.swift; };
		112F3A121D3E93DB00E7648B /* Notifications.swift */ = {isa = PBXFileReference; fileEncoding = 4; lastKnownFileType = sourcecode.swift; path = Notifications.swift; sourceTree = "<group>"; };
		112F3A141D415A1500E7648B /* ACPCustomStaticImages.swift */ = {isa = PBXFileReference; fileEncoding = 4; lastKnownFileType = sourcecode.swift; path = ACPCustomStaticImages.swift; sourceTree = "<group>"; };
		115D1FF21D53693E00FBF6E1 /* MultiToggleButton.swift */ = {isa = PBXFileReference; fileEncoding = 4; lastKnownFileType = sourcecode.swift; path = MultiToggleButton.swift; sourceTree = "<group>"; };
		1160D3C21D3966330044DF02 /* AudioCachingPlayerItem.swift */ = {isa = PBXFileReference; fileEncoding = 4; lastKnownFileType = sourcecode.swift; path = AudioCachingPlayerItem.swift; sourceTree = "<group>"; };
		1160EF0C1CF65331007DB453 /* AudioRequestDescription.swift */ = {isa = PBXFileReference; fileEncoding = 4; lastKnownFileType = sourcecode.swift; path = AudioRequestDescription.swift; sourceTree = "<group>"; };
		1160EF0E1CF65480007DB453 /* UserAudioRequestDescription.swift */ = {isa = PBXFileReference; fileEncoding = 4; lastKnownFileType = sourcecode.swift; path = UserAudioRequestDescription.swift; sourceTree = "<group>"; };
		1160EF101CF65493007DB453 /* SearchAudioRequestDescription.swift */ = {isa = PBXFileReference; fileEncoding = 4; lastKnownFileType = sourcecode.swift; path = SearchAudioRequestDescription.swift; sourceTree = "<group>"; };
		1167622B1D39126700041BC1 /* CachingPlayerItem.swift */ = {isa = PBXFileReference; fileEncoding = 4; lastKnownFileType = sourcecode.swift; lineEnding = 0; path = CachingPlayerItem.swift; sourceTree = "<group>"; xcLanguageSpecificationIdentifier = xcode.lang.swift; };
		11AE1C6C1D1F1F21003C8797 /* TableViewController+VKDelegate.swift */ = {isa = PBXFileReference; fileEncoding = 4; lastKnownFileType = sourcecode.swift; path = "TableViewController+VKDelegate.swift"; sourceTree = "<group>"; };
		11AEDAA71CFA59E700E2BBDC /* TableViewControler+Messages.swift */ = {isa = PBXFileReference; fileEncoding = 4; lastKnownFileType = sourcecode.swift; path = "TableViewControler+Messages.swift"; sourceTree = "<group>"; };
		11B4D2E81D4B0E8700401E7E /* AudioPlayerViewControlelr+NotificationHandling.swift */ = {isa = PBXFileReference; fileEncoding = 4; lastKnownFileType = sourcecode.swift; path = "AudioPlayerViewControlelr+NotificationHandling.swift"; sourceTree = "<group>"; };
		11B4D2EA1D4B115A00401E7E /* AudioPlayerViewController+ButtonsTapHandling.swift */ = {isa = PBXFileReference; fileEncoding = 4; lastKnownFileType = sourcecode.swift; path = "AudioPlayerViewController+ButtonsTapHandling.swift"; sourceTree = "<group>"; };
		11BAEBEC1D3CF2F500F45A7D /* Storage.swift */ = {isa = PBXFileReference; fileEncoding = 4; lastKnownFileType = sourcecode.swift; path = Storage.swift; sourceTree = "<group>"; };
		11C8920C1D3E20C100FF5524 /* CacheController.swift */ = {isa = PBXFileReference; fileEncoding = 4; lastKnownFileType = sourcecode.swift; lineEnding = 0; path = CacheController.swift; sourceTree = "<group>"; xcLanguageSpecificationIdentifier = xcode.lang.swift; };
		11C8920E1D3E239E00FF5524 /* Queue.swift */ = {isa = PBXFileReference; fileEncoding = 4; lastKnownFileType = sourcecode.swift; lineEnding = 0; path = Queue.swift; sourceTree = "<group>"; xcLanguageSpecificationIdentifier = xcode.lang.swift; };
		11CE34061D3DA7D60077071C /* TableViewController+AudioContextDelegate.swift */ = {isa = PBXFileReference; fileEncoding = 4; lastKnownFileType = sourcecode.swift; path = "TableViewController+AudioContextDelegate.swift"; sourceTree = "<group>"; };
		11DD92C41CF49CAE00A8FC4A /* TableViewController+TableViewDelegate.swift */ = {isa = PBXFileReference; fileEncoding = 4; lastKnownFileType = sourcecode.swift; path = "TableViewController+TableViewDelegate.swift"; sourceTree = "<group>"; };
		11DD92C61CF49D2A00A8FC4A /* TableViewController+SearchDelegate.swift */ = {isa = PBXFileReference; fileEncoding = 4; lastKnownFileType = sourcecode.swift; path = "TableViewController+SearchDelegate.swift"; sourceTree = "<group>"; };
		11DD92CA1CF4A4EF00A8FC4A /* VKResponse+.swift */ = {isa = PBXFileReference; fileEncoding = 4; lastKnownFileType = sourcecode.swift; path = "VKResponse+.swift"; sourceTree = "<group>"; };
		11DD92D01CF4A9FB00A8FC4A /* AudioItem.swift */ = {isa = PBXFileReference; fileEncoding = 4; lastKnownFileType = sourcecode.swift; path = AudioItem.swift; sourceTree = "<group>"; };
		11DD92D21CF4B58B00A8FC4A /* Constants.swift */ = {isa = PBXFileReference; fileEncoding = 4; lastKnownFileType = sourcecode.swift; path = Constants.swift; sourceTree = "<group>"; };
		11DD92DC1CF4DC2B00A8FC4A /* VKAudioRequestExecutor.swift */ = {isa = PBXFileReference; fileEncoding = 4; lastKnownFileType = sourcecode.swift; path = VKAudioRequestExecutor.swift; sourceTree = "<group>"; };
		11DD92DF1CF4DCFC00A8FC4A /* VKRequest+.swift */ = {isa = PBXFileReference; fileEncoding = 4; lastKnownFileType = sourcecode.swift; path = "VKRequest+.swift"; sourceTree = "<group>"; };
		11EF779C1D20626F00AEA610 /* Audio+CoreDataProperties.swift */ = {isa = PBXFileReference; fileEncoding = 4; lastKnownFileType = sourcecode.swift; path = "Audio+CoreDataProperties.swift"; sourceTree = "<group>"; };
		11EF779D1D20626F00AEA610 /* Audio.swift */ = {isa = PBXFileReference; fileEncoding = 4; lastKnownFileType = sourcecode.swift; path = Audio.swift; sourceTree = "<group>"; };
		11F3B8971D1984A8005E3452 /* TableViewController+AudioCellDelegate.swift */ = {isa = PBXFileReference; fileEncoding = 4; lastKnownFileType = sourcecode.swift; path = "TableViewController+AudioCellDelegate.swift"; sourceTree = "<group>"; };
		26B8640E32B8892D3EAE8165 /* Pods_VKAudioPlayer.framework */ = {isa = PBXFileReference; explicitFileType = wrapper.framework; includeInIndex = 0; path = Pods_VKAudioPlayer.framework; sourceTree = BUILT_PRODUCTS_DIR; };
		A1F041E64002C0CA25E1A736 /* Pods-VKAudioPlayer.release.xcconfig */ = {isa = PBXFileReference; includeInIndex = 1; lastKnownFileType = text.xcconfig; name = "Pods-VKAudioPlayer.release.xcconfig"; path = "Pods/Target Support Files/Pods-VKAudioPlayer/Pods-VKAudioPlayer.release.xcconfig"; sourceTree = "<group>"; };
		FF23D35E03F977759073C427 /* Pods-VKAudioPlayer.debug.xcconfig */ = {isa = PBXFileReference; includeInIndex = 1; lastKnownFileType = text.xcconfig; name = "Pods-VKAudioPlayer.debug.xcconfig"; path = "Pods/Target Support Files/Pods-VKAudioPlayer/Pods-VKAudioPlayer.debug.xcconfig"; sourceTree = "<group>"; };
/* End PBXFileReference section */

/* Begin PBXFrameworksBuildPhase section */
		11294E221CF3C7FF00E8EEA2 /* Frameworks */ = {
			isa = PBXFrameworksBuildPhase;
			buildActionMask = 2147483647;
			files = (
				A63ABB63716FB4483771D047 /* Pods_VKAudioPlayer.framework in Frameworks */,
			);
			runOnlyForDeploymentPostprocessing = 0;
		};
/* End PBXFrameworksBuildPhase section */

/* Begin PBXGroup section */
		111DE65E1CF9E182006CBCDB /* AudioPlayerViewController */ = {
			isa = PBXGroup;
			children = (
				111DE6631CF9F481006CBCDB /* AudioPlayerViewController.swift */,
				11B4D2EA1D4B115A00401E7E /* AudioPlayerViewController+ButtonsTapHandling.swift */,
				11B4D2E81D4B0E8700401E7E /* AudioPlayerViewControlelr+NotificationHandling.swift */,
			);
			name = AudioPlayerViewController;
			sourceTree = "<group>";
		};
		111DE65F1CF9E600006CBCDB /* ViewControllers */ = {
			isa = PBXGroup;
			children = (
				111DE65E1CF9E182006CBCDB /* AudioPlayerViewController */,
				11DD92D41CF4DAAB00A8FC4A /* TableViewController */,
			);
			name = ViewControllers;
			sourceTree = "<group>";
		};
		11294E1C1CF3C7FF00E8EEA2 = {
			isa = PBXGroup;
			children = (
				11294E271CF3C7FF00E8EEA2 /* VKAudioPlayer */,
				11294E261CF3C7FF00E8EEA2 /* Products */,
				129D295F067A4B60E3762D7C /* Pods */,
				853F559960142AFB0947169B /* Frameworks */,
			);
			sourceTree = "<group>";
		};
		11294E261CF3C7FF00E8EEA2 /* Products */ = {
			isa = PBXGroup;
			children = (
				11294E251CF3C7FF00E8EEA2 /* VKAudioPlayer.app */,
			);
			name = Products;
			sourceTree = "<group>";
		};
		11294E271CF3C7FF00E8EEA2 /* VKAudioPlayer */ = {
			isa = PBXGroup;
			children = (
				11DD92D21CF4B58B00A8FC4A /* Constants.swift */,
				111DE65F1CF9E600006CBCDB /* ViewControllers */,
				11F3B8991D198F56005E3452 /* AudioController */,
				11DD92D51CF4DABC00A8FC4A /* Model */,
				11C892121D3E3E4F00FF5524 /* Helpers */,
				11294E281CF3C7FF00E8EEA2 /* AppDelegate.swift */,
				11294E3F1CF3C96700E8EEA2 /* Main.storyboard */,
				11294E411CF3C97A00E8EEA2 /* LaunchScreen.storyboard */,
				11294E321CF3C7FF00E8EEA2 /* Assets.xcassets */,
				11294E371CF3C7FF00E8EEA2 /* Info.plist */,
			);
			path = VKAudioPlayer;
			sourceTree = "<group>";
		};
		112F3A111D3E527A00E7648B /* Core Data */ = {
			isa = PBXGroup;
			children = (
				11EF779D1D20626F00AEA610 /* Audio.swift */,
				11EF779C1D20626F00AEA610 /* Audio+CoreDataProperties.swift */,
				11294E2F1CF3C7FF00E8EEA2 /* VKAudioPlayer.xcdatamodeld */,
			);
			name = "Core Data";
			sourceTree = "<group>";
		};
		11C892121D3E3E4F00FF5524 /* Helpers */ = {
			isa = PBXGroup;
			children = (
				112F3A141D415A1500E7648B /* ACPCustomStaticImages.swift */,
				115D1FF21D53693E00FBF6E1 /* MultiToggleButton.swift */,
				11C8920E1D3E239E00FF5524 /* Queue.swift */,
				1167622B1D39126700041BC1 /* CachingPlayerItem.swift */,
				11294E3D1CF3C94200E8EEA2 /* Utils.swift */,
			);
			name = Helpers;
			sourceTree = "<group>";
		};
		11DD92D41CF4DAAB00A8FC4A /* TableViewController */ = {
			isa = PBXGroup;
			children = (
				111DE6661CFA47B3006CBCDB /* AudioCell.swift */,
				11294E2A1CF3C7FF00E8EEA2 /* TableViewController.swift */,
				11CE34061D3DA7D60077071C /* TableViewController+AudioContextDelegate.swift */,
				11AE1C6C1D1F1F21003C8797 /* TableViewController+VKDelegate.swift */,
				11DD92C61CF49D2A00A8FC4A /* TableViewController+SearchDelegate.swift */,
				11DD92C41CF49CAE00A8FC4A /* TableViewController+TableViewDelegate.swift */,
				11F3B8971D1984A8005E3452 /* TableViewController+AudioCellDelegate.swift */,
				11AEDAA71CFA59E700E2BBDC /* TableViewControler+Messages.swift */,
			);
			name = TableViewController;
			sourceTree = "<group>";
		};
		11DD92D51CF4DABC00A8FC4A /* Model */ = {
			isa = PBXGroup;
			children = (
				11DD92DF1CF4DCFC00A8FC4A /* VKRequest+.swift */,
				11DD92CA1CF4A4EF00A8FC4A /* VKResponse+.swift */,
				1160EF0C1CF65331007DB453 /* AudioRequestDescription.swift */,
				1160EF0E1CF65480007DB453 /* UserAudioRequestDescription.swift */,
				1160EF101CF65493007DB453 /* SearchAudioRequestDescription.swift */,
				11DD92DC1CF4DC2B00A8FC4A /* VKAudioRequestExecutor.swift */,
				112F3A0F1D3E49F300E7648B /* AudioContext.swift */,
				11DD92D01CF4A9FB00A8FC4A /* AudioItem.swift */,
				1160D3C21D3966330044DF02 /* AudioCachingPlayerItem.swift */,
				11BAEBEC1D3CF2F500F45A7D /* Storage.swift */,
				11C8920C1D3E20C100FF5524 /* CacheController.swift */,
				112F3A121D3E93DB00E7648B /* Notifications.swift */,
				112F3A111D3E527A00E7648B /* Core Data */,
			);
			name = Model;
			sourceTree = "<group>";
		};
		11F3B8991D198F56005E3452 /* AudioController */ = {
			isa = PBXGroup;
			children = (
				112F3A0D1D3E49C100E7648B /* AudioControlelr.swift */,
			);
			name = AudioController;
			sourceTree = "<group>";
		};
		129D295F067A4B60E3762D7C /* Pods */ = {
			isa = PBXGroup;
			children = (
				FF23D35E03F977759073C427 /* Pods-VKAudioPlayer.debug.xcconfig */,
				A1F041E64002C0CA25E1A736 /* Pods-VKAudioPlayer.release.xcconfig */,
			);
			name = Pods;
			sourceTree = "<group>";
		};
		853F559960142AFB0947169B /* Frameworks */ = {
			isa = PBXGroup;
			children = (
				26B8640E32B8892D3EAE8165 /* Pods_VKAudioPlayer.framework */,
			);
			name = Frameworks;
			sourceTree = "<group>";
		};
/* End PBXGroup section */

/* Begin PBXNativeTarget section */
		11294E241CF3C7FF00E8EEA2 /* VKAudioPlayer */ = {
			isa = PBXNativeTarget;
			buildConfigurationList = 11294E3A1CF3C7FF00E8EEA2 /* Build configuration list for PBXNativeTarget "VKAudioPlayer" */;
			buildPhases = (
				53110A68BE9FDC51DEFFF213 /* Check Pods Manifest.lock */,
				11294E211CF3C7FF00E8EEA2 /* Sources */,
				11294E221CF3C7FF00E8EEA2 /* Frameworks */,
				11294E231CF3C7FF00E8EEA2 /* Resources */,
				62B2DFF819127B315D42EA60 /* Embed Pods Frameworks */,
				9DEB494EFC37067A0CE1929E /* Copy Pods Resources */,
			);
			buildRules = (
			);
			dependencies = (
			);
			name = VKAudioPlayer;
			productName = VKAudioPlayer;
			productReference = 11294E251CF3C7FF00E8EEA2 /* VKAudioPlayer.app */;
			productType = "com.apple.product-type.application";
		};
/* End PBXNativeTarget section */

/* Begin PBXProject section */
		11294E1D1CF3C7FF00E8EEA2 /* Project object */ = {
			isa = PBXProject;
			attributes = {
				LastSwiftUpdateCheck = 0730;
				LastUpgradeCheck = 0730;
				ORGANIZATIONNAME = "Nikita Belousov";
				TargetAttributes = {
					11294E241CF3C7FF00E8EEA2 = {
						CreatedOnToolsVersion = 7.3;
						DevelopmentTeam = H9Y5SY2TM4;
						SystemCapabilities = {
							com.apple.BackgroundModes = {
								enabled = 1;
							};
						};
					};
				};
			};
			buildConfigurationList = 11294E201CF3C7FF00E8EEA2 /* Build configuration list for PBXProject "VKAudioPlayer" */;
			compatibilityVersion = "Xcode 3.2";
			developmentRegion = English;
			hasScannedForEncodings = 0;
			knownRegions = (
				en,
				Base,
			);
			mainGroup = 11294E1C1CF3C7FF00E8EEA2;
			productRefGroup = 11294E261CF3C7FF00E8EEA2 /* Products */;
			projectDirPath = "";
			projectRoot = "";
			targets = (
				11294E241CF3C7FF00E8EEA2 /* VKAudioPlayer */,
			);
		};
/* End PBXProject section */

/* Begin PBXResourcesBuildPhase section */
		11294E231CF3C7FF00E8EEA2 /* Resources */ = {
			isa = PBXResourcesBuildPhase;
			buildActionMask = 2147483647;
			files = (
				11294E421CF3C97A00E8EEA2 /* LaunchScreen.storyboard in Resources */,
				11294E401CF3C96700E8EEA2 /* Main.storyboard in Resources */,
				11294E331CF3C7FF00E8EEA2 /* Assets.xcassets in Resources */,
			);
			runOnlyForDeploymentPostprocessing = 0;
		};
/* End PBXResourcesBuildPhase section */

/* Begin PBXShellScriptBuildPhase section */
		53110A68BE9FDC51DEFFF213 /* Check Pods Manifest.lock */ = {
			isa = PBXShellScriptBuildPhase;
			buildActionMask = 2147483647;
			files = (
			);
			inputPaths = (
			);
			name = "Check Pods Manifest.lock";
			outputPaths = (
			);
			runOnlyForDeploymentPostprocessing = 0;
			shellPath = /bin/sh;
			shellScript = "diff \"${PODS_ROOT}/../Podfile.lock\" \"${PODS_ROOT}/Manifest.lock\" > /dev/null\nif [[ $? != 0 ]] ; then\n    cat << EOM\nerror: The sandbox is not in sync with the Podfile.lock. Run 'pod install' or update your CocoaPods installation.\nEOM\n    exit 1\nfi\n";
			showEnvVarsInLog = 0;
		};
		62B2DFF819127B315D42EA60 /* Embed Pods Frameworks */ = {
			isa = PBXShellScriptBuildPhase;
			buildActionMask = 2147483647;
			files = (
			);
			inputPaths = (
			);
			name = "Embed Pods Frameworks";
			outputPaths = (
			);
			runOnlyForDeploymentPostprocessing = 0;
			shellPath = /bin/sh;
			shellScript = "\"${SRCROOT}/Pods/Target Support Files/Pods-VKAudioPlayer/Pods-VKAudioPlayer-frameworks.sh\"\n";
			showEnvVarsInLog = 0;
		};
		9DEB494EFC37067A0CE1929E /* Copy Pods Resources */ = {
			isa = PBXShellScriptBuildPhase;
			buildActionMask = 2147483647;
			files = (
			);
			inputPaths = (
			);
			name = "Copy Pods Resources";
			outputPaths = (
			);
			runOnlyForDeploymentPostprocessing = 0;
			shellPath = /bin/sh;
			shellScript = "\"${SRCROOT}/Pods/Target Support Files/Pods-VKAudioPlayer/Pods-VKAudioPlayer-resources.sh\"\n";
			showEnvVarsInLog = 0;
		};
/* End PBXShellScriptBuildPhase section */

/* Begin PBXSourcesBuildPhase section */
		11294E211CF3C7FF00E8EEA2 /* Sources */ = {
			isa = PBXSourcesBuildPhase;
			buildActionMask = 2147483647;
			files = (
				11DD92C71CF49D2A00A8FC4A /* TableViewController+SearchDelegate.swift in Sources */,
				111DE6671CFA47B3006CBCDB /* AudioCell.swift in Sources */,
				11294E2B1CF3C7FF00E8EEA2 /* TableViewController.swift in Sources */,
				11AE1C6D1D1F1F21003C8797 /* TableViewController+VKDelegate.swift in Sources */,
				11B4D2E91D4B0E8700401E7E /* AudioPlayerViewControlelr+NotificationHandling.swift in Sources */,
				11B4D2EB1D4B115A00401E7E /* AudioPlayerViewController+ButtonsTapHandling.swift in Sources */,
				11DD92DD1CF4DC2B00A8FC4A /* VKAudioRequestExecutor.swift in Sources */,
				11DD92CB1CF4A4EF00A8FC4A /* VKResponse+.swift in Sources */,
				1160EF0D1CF65331007DB453 /* AudioRequestDescription.swift in Sources */,
				11CE34071D3DA7D60077071C /* TableViewController+AudioContextDelegate.swift in Sources */,
				1160EF0F1CF65480007DB453 /* UserAudioRequestDescription.swift in Sources */,
				111DE6641CF9F481006CBCDB /* AudioPlayerViewController.swift in Sources */,
				11DD92D11CF4A9FB00A8FC4A /* AudioItem.swift in Sources */,
				11DD92D31CF4B58B00A8FC4A /* Constants.swift in Sources */,
				11294E291CF3C7FF00E8EEA2 /* AppDelegate.swift in Sources */,
				115D1FF31D53693E00FBF6E1 /* MultiToggleButton.swift in Sources */,
				11DD92C51CF49CAE00A8FC4A /* TableViewController+TableViewDelegate.swift in Sources */,
				11DD92E01CF4DCFC00A8FC4A /* VKRequest+.swift in Sources */,
				11294E311CF3C7FF00E8EEA2 /* VKAudioPlayer.xcdatamodeld in Sources */,
				11294E3E1CF3C94200E8EEA2 /* Utils.swift in Sources */,
				11EF779E1D20626F00AEA610 /* Audio+CoreDataProperties.swift in Sources */,
				112F3A151D415A1500E7648B /* ACPCustomStaticImages.swift in Sources */,
				11C8920D1D3E20C100FF5524 /* CacheController.swift in Sources */,
				1167622C1D39126700041BC1 /* CachingPlayerItem.swift in Sources */,
				11F3B8981D1984A8005E3452 /* TableViewController+AudioCellDelegate.swift in Sources */,
				11EF779F1D20626F00AEA610 /* Audio.swift in Sources */,
				11C8920F1D3E239E00FF5524 /* Queue.swift in Sources */,
				11AEDAA81CFA59E700E2BBDC /* TableViewControler+Messages.swift in Sources */,
				112F3A101D3E49F300E7648B /* AudioContext.swift in Sources */,
				112F3A0E1D3E49C100E7648B /* AudioControlelr.swift in Sources */,
				11BAEBED1D3CF2F500F45A7D /* Storage.swift in Sources */,
				112F3A131D3E93DB00E7648B /* Notifications.swift in Sources */,
				1160D3C31D3966330044DF02 /* AudioCachingPlayerItem.swift in Sources */,
				1160EF111CF65493007DB453 /* SearchAudioRequestDescription.swift in Sources */,
			);
			runOnlyForDeploymentPostprocessing = 0;
		};
/* End PBXSourcesBuildPhase section */

/* Begin XCBuildConfiguration section */
		11294E381CF3C7FF00E8EEA2 /* Debug */ = {
			isa = XCBuildConfiguration;
			buildSettings = {
				ALWAYS_SEARCH_USER_PATHS = NO;
				CLANG_ANALYZER_NONNULL = YES;
				CLANG_CXX_LANGUAGE_STANDARD = "gnu++0x";
				CLANG_CXX_LIBRARY = "libc++";
				CLANG_ENABLE_MODULES = YES;
				CLANG_ENABLE_OBJC_ARC = YES;
				CLANG_WARN_BOOL_CONVERSION = YES;
				CLANG_WARN_CONSTANT_CONVERSION = YES;
				CLANG_WARN_DIRECT_OBJC_ISA_USAGE = YES_ERROR;
				CLANG_WARN_EMPTY_BODY = YES;
				CLANG_WARN_ENUM_CONVERSION = YES;
				CLANG_WARN_INT_CONVERSION = YES;
				CLANG_WARN_OBJC_ROOT_CLASS = YES_ERROR;
				CLANG_WARN_UNREACHABLE_CODE = YES;
				CLANG_WARN__DUPLICATE_METHOD_MATCH = YES;
				"CODE_SIGN_IDENTITY[sdk=iphoneos*]" = "iPhone Developer";
				COPY_PHASE_STRIP = NO;
				DEBUG_INFORMATION_FORMAT = dwarf;
				ENABLE_STRICT_OBJC_MSGSEND = YES;
				ENABLE_TESTABILITY = YES;
				GCC_C_LANGUAGE_STANDARD = gnu99;
				GCC_DYNAMIC_NO_PIC = NO;
				GCC_NO_COMMON_BLOCKS = YES;
				GCC_OPTIMIZATION_LEVEL = 0;
				GCC_PREPROCESSOR_DEFINITIONS = (
					"DEBUG=1",
					"$(inherited)",
				);
				GCC_WARN_64_TO_32_BIT_CONVERSION = YES;
				GCC_WARN_ABOUT_RETURN_TYPE = YES_ERROR;
				GCC_WARN_UNDECLARED_SELECTOR = YES;
				GCC_WARN_UNINITIALIZED_AUTOS = YES_AGGRESSIVE;
				GCC_WARN_UNUSED_FUNCTION = YES;
				GCC_WARN_UNUSED_VARIABLE = YES;
				IPHONEOS_DEPLOYMENT_TARGET = 9.3;
				MTL_ENABLE_DEBUG_INFO = YES;
				ONLY_ACTIVE_ARCH = YES;
				SDKROOT = iphoneos;
				SWIFT_OPTIMIZATION_LEVEL = "-Onone";
				TARGETED_DEVICE_FAMILY = "1,2";
			};
			name = Debug;
		};
		11294E391CF3C7FF00E8EEA2 /* Release */ = {
			isa = XCBuildConfiguration;
			buildSettings = {
				ALWAYS_SEARCH_USER_PATHS = NO;
				CLANG_ANALYZER_NONNULL = YES;
				CLANG_CXX_LANGUAGE_STANDARD = "gnu++0x";
				CLANG_CXX_LIBRARY = "libc++";
				CLANG_ENABLE_MODULES = YES;
				CLANG_ENABLE_OBJC_ARC = YES;
				CLANG_WARN_BOOL_CONVERSION = YES;
				CLANG_WARN_CONSTANT_CONVERSION = YES;
				CLANG_WARN_DIRECT_OBJC_ISA_USAGE = YES_ERROR;
				CLANG_WARN_EMPTY_BODY = YES;
				CLANG_WARN_ENUM_CONVERSION = YES;
				CLANG_WARN_INT_CONVERSION = YES;
				CLANG_WARN_OBJC_ROOT_CLASS = YES_ERROR;
				CLANG_WARN_UNREACHABLE_CODE = YES;
				CLANG_WARN__DUPLICATE_METHOD_MATCH = YES;
				"CODE_SIGN_IDENTITY[sdk=iphoneos*]" = "iPhone Developer";
				COPY_PHASE_STRIP = NO;
				DEBUG_INFORMATION_FORMAT = "dwarf-with-dsym";
				ENABLE_NS_ASSERTIONS = NO;
				ENABLE_STRICT_OBJC_MSGSEND = YES;
				GCC_C_LANGUAGE_STANDARD = gnu99;
				GCC_NO_COMMON_BLOCKS = YES;
				GCC_WARN_64_TO_32_BIT_CONVERSION = YES;
				GCC_WARN_ABOUT_RETURN_TYPE = YES_ERROR;
				GCC_WARN_UNDECLARED_SELECTOR = YES;
				GCC_WARN_UNINITIALIZED_AUTOS = YES_AGGRESSIVE;
				GCC_WARN_UNUSED_FUNCTION = YES;
				GCC_WARN_UNUSED_VARIABLE = YES;
				IPHONEOS_DEPLOYMENT_TARGET = 9.3;
				MTL_ENABLE_DEBUG_INFO = NO;
				SDKROOT = iphoneos;
				TARGETED_DEVICE_FAMILY = "1,2";
				VALIDATE_PRODUCT = YES;
			};
			name = Release;
		};
		11294E3B1CF3C7FF00E8EEA2 /* Debug */ = {
			isa = XCBuildConfiguration;
			baseConfigurationReference = FF23D35E03F977759073C427 /* Pods-VKAudioPlayer.debug.xcconfig */;
			buildSettings = {
				ASSETCATALOG_COMPILER_APPICON_NAME = AppIcon;
				CODE_SIGN_IDENTITY = "iPhone Developer";
				"CODE_SIGN_IDENTITY[sdk=iphoneos*]" = "iPhone Developer";
				INFOPLIST_FILE = VKAudioPlayer/Info.plist;
				LD_RUNPATH_SEARCH_PATHS = "$(inherited) @executable_path/Frameworks";
				PRODUCT_BUNDLE_IDENTIFIER = "dev.Nikita-Belousov.VKAudioPlayer";
				PRODUCT_NAME = "$(TARGET_NAME)";
				PROVISIONING_PROFILE = "";
			};
			name = Debug;
		};
		11294E3C1CF3C7FF00E8EEA2 /* Release */ = {
			isa = XCBuildConfiguration;
			baseConfigurationReference = A1F041E64002C0CA25E1A736 /* Pods-VKAudioPlayer.release.xcconfig */;
			buildSettings = {
				ASSETCATALOG_COMPILER_APPICON_NAME = AppIcon;
				CODE_SIGN_IDENTITY = "iPhone Developer";
				"CODE_SIGN_IDENTITY[sdk=iphoneos*]" = "iPhone Developer";
				INFOPLIST_FILE = VKAudioPlayer/Info.plist;
				LD_RUNPATH_SEARCH_PATHS = "$(inherited) @executable_path/Frameworks";
				PRODUCT_BUNDLE_IDENTIFIER = "dev.Nikita-Belousov.VKAudioPlayer";
				PRODUCT_NAME = "$(TARGET_NAME)";
				PROVISIONING_PROFILE = "";
			};
			name = Release;
		};
/* End XCBuildConfiguration section */

/* Begin XCConfigurationList section */
		11294E201CF3C7FF00E8EEA2 /* Build configuration list for PBXProject "VKAudioPlayer" */ = {
			isa = XCConfigurationList;
			buildConfigurations = (
				11294E381CF3C7FF00E8EEA2 /* Debug */,
				11294E391CF3C7FF00E8EEA2 /* Release */,
			);
			defaultConfigurationIsVisible = 0;
			defaultConfigurationName = Release;
		};
		11294E3A1CF3C7FF00E8EEA2 /* Build configuration list for PBXNativeTarget "VKAudioPlayer" */ = {
			isa = XCConfigurationList;
			buildConfigurations = (
				11294E3B1CF3C7FF00E8EEA2 /* Debug */,
				11294E3C1CF3C7FF00E8EEA2 /* Release */,
			);
			defaultConfigurationIsVisible = 0;
			defaultConfigurationName = Release;
		};
/* End XCConfigurationList section */

/* Begin XCVersionGroup section */
		11294E2F1CF3C7FF00E8EEA2 /* VKAudioPlayer.xcdatamodeld */ = {
			isa = XCVersionGroup;
			children = (
				11294E301CF3C7FF00E8EEA2 /* VKAudioPlayer.xcdatamodel */,
			);
			currentVersion = 11294E301CF3C7FF00E8EEA2 /* VKAudioPlayer.xcdatamodel */;
			path = VKAudioPlayer.xcdatamodeld;
			sourceTree = "<group>";
			versionGroupType = wrapper.xcdatamodel;
		};
/* End XCVersionGroup section */
	};
	rootObject = 11294E1D1CF3C7FF00E8EEA2 /* Project object */;
}
